
Microsoft Visual Studio Solution File, Format Version 12.00
# Visual Studio 2012
Project("{FAE04EC0-301F-11D3-BF4B-00C04F79EFBC}") = "ExecViewTask", "ExecViewTask\ExecViewTask.csproj", "{7A6C64B3-5BF1-496A-B416-B0AB54750054}"
EndProject
Global
	GlobalSection(SolutionConfigurationPlatforms) = preSolution
		Debug|x86 = Debug|x86
		Release|x86 = Release|x86
	EndGlobalSection
	GlobalSection(ProjectConfigurationPlatforms) = postSolution
		{7A6C64B3-5BF1-496A-B416-B0AB54750054}.Debug|x86.ActiveCfg = Debug|x86
		{7A6C64B3-5BF1-496A-B416-B0AB54750054}.Debug|x86.Build.0 = Debug|x86
		{7A6C64B3-5BF1-496A-B416-B0AB54750054}.Release|x86.ActiveCfg = Release|x86
		{7A6C64B3-5BF1-496A-B416-B0AB54750054}.Release|x86.Build.0 = Release|x86
	EndGlobalSection
EndGlobal
